
Microsoft Visual Studio Solution File, Format Version 12.00
# Visual Studio 15
Project("{FAE04EC0-301F-11D3-BF4B-00C04F79EFBC}") = "Assembly-CSharp", "Assembly-CSharp.csproj", "{924E07BF-CB39-F5DF-72DD-6E1C4CE2CC33}"
EndProject
Global
	GlobalSection(SolutionConfigurationPlatforms) = preSolution
		Debug|Any CPU = Debug|Any CPU
		Release|Any CPU = Release|Any CPU
	EndGlobalSection
	GlobalSection(ProjectConfigurationPlatforms) = postSolution
		{924E07BF-CB39-F5DF-72DD-6E1C4CE2CC33}.Debug|Any CPU.ActiveCfg = Debug|Any CPU
		{924E07BF-CB39-F5DF-72DD-6E1C4CE2CC33}.Debug|Any CPU.Build.0 = Debug|Any CPU
		{924E07BF-CB39-F5DF-72DD-6E1C4CE2CC33}.Release|Any CPU.ActiveCfg = Release|Any CPU
		{924E07BF-CB39-F5DF-72DD-6E1C4CE2CC33}.Release|Any CPU.Build.0 = Release|Any CPU
	EndGlobalSection
	GlobalSection(SolutionProperties) = preSolution
		HideSolutionNode = FALSE
	EndGlobalSection
EndGlobal
